
Microsoft Visual Studio Solution File, Format Version 12.00
# Visual Studio Version 17
VisualStudioVersion = 17.7.34018.315
MinimumVisualStudioVersion = 10.0.40219.1
Project("{8BC9CEB8-8B4A-11D0-8D11-00A0C91BC942}") = "BOJ_6502", "BOJ_6502\BOJ_6502.vcxproj", "{02C86AF8-28C2-4B3D-9958-24AA50E5B783}"
EndProject
Global
	GlobalSection(SolutionConfigurationPlatforms) = preSolution
		Debug|x64 = Debug|x64
		Release|x64 = Release|x64
	EndGlobalSection
	GlobalSection(ProjectConfigurationPlatforms) = postSolution
		{02C86AF8-28C2-4B3D-9958-24AA50E5B783}.Debug|x64.ActiveCfg = Debug|x64
		{02C86AF8-28C2-4B3D-9958-24AA50E5B783}.Debug|x64.Build.0 = Debug|x64
		{02C86AF8-28C2-4B3D-9958-24AA50E5B783}.Release|x64.ActiveCfg = Release|x64
		{02C86AF8-28C2-4B3D-9958-24AA50E5B783}.Release|x64.Build.0 = Release|x64
	EndGlobalSection
	GlobalSection(SolutionProperties) = preSolution
		HideSolutionNode = FALSE
	EndGlobalSection
	GlobalSection(ExtensibilityGlobals) = postSolution
		SolutionGuid = {7E5168D0-AA0D-4A6C-854E-FF45728BB539}
	EndGlobalSection
EndGlobal
